
Microsoft Visual Studio Solution File, Format Version 12.00
# Visual Studio Version 18
VisualStudioVersion = 18.1.11312.151
MinimumVisualStudioVersion = 10.0.40219.1
Project("{FAE04EC0-301F-11D3-BF4B-00C04F79EFBC}") = "StonebotCore", "Core\StonebotCore.csproj", "{175651F5-548C-4CAB-8EC9-C7781555B2B3}"
EndProject
Project("{FAE04EC0-301F-11D3-BF4B-00C04F79EFBC}") = "StonebotCLI", "CLI\StonebotCLI.csproj", "{20A374FB-4666-483B-A95B-1AB0FEFF5423}"
EndProject
Project("{FAE04EC0-301F-11D3-BF4B-00C04F79EFBC}") = "StonebotDashboard", "Dashboard\StonebotDashboard.csproj", "{B9DC4B7C-583E-4244-8B25-34C19B5D08E1}"
EndProject
Project("{FAE04EC0-301F-11D3-BF4B-00C04F79EFBC}") = "StonebotDaemon", "Daemon\StonebotDaemon.csproj", "{1E9DC5A6-F97F-4129-838F-2E9D85D23139}"
EndProject
Project("{FAE04EC0-301F-11D3-BF4B-00C04F79EFBC}") = "StonebotSharedConstants", "StonebotSharedConstants\StonebotSharedConstants.csproj", "{52BFBBB1-66E1-480E-A777-DBD17F0FD4A7}"
EndProject
Global
	GlobalSection(SolutionConfigurationPlatforms) = preSolution
		Debug|Any CPU = Debug|Any CPU
		Debug|x64 = Debug|x64
		Debug|x86 = Debug|x86
		Release|Any CPU = Release|Any CPU
		Release|x64 = Release|x64
		Release|x86 = Release|x86
	EndGlobalSection
	GlobalSection(ProjectConfigurationPlatforms) = postSolution
		{175651F5-548C-4CAB-8EC9-C7781555B2B3}.Debug|Any CPU.ActiveCfg = Debug|Any CPU
		{175651F5-548C-4CAB-8EC9-C7781555B2B3}.Debug|Any CPU.Build.0 = Debug|Any CPU
		{175651F5-548C-4CAB-8EC9-C7781555B2B3}.Debug|x64.ActiveCfg = Debug|Any CPU
		{175651F5-548C-4CAB-8EC9-C7781555B2B3}.Debug|x64.Build.0 = Debug|Any CPU
		{175651F5-548C-4CAB-8EC9-C7781555B2B3}.Debug|x86.ActiveCfg = Debug|Any CPU
		{175651F5-548C-4CAB-8EC9-C7781555B2B3}.Debug|x86.Build.0 = Debug|Any CPU
		{175651F5-548C-4CAB-8EC9-C7781555B2B3}.Release|Any CPU.ActiveCfg = Release|Any CPU
		{175651F5-548C-4CAB-8EC9-C7781555B2B3}.Release|Any CPU.Build.0 = Release|Any CPU
		{175651F5-548C-4CAB-8EC9-C7781555B2B3}.Release|x64.ActiveCfg = Release|Any CPU
		{175651F5-548C-4CAB-8EC9-C7781555B2B3}.Release|x64.Build.0 = Release|Any CPU
		{175651F5-548C-4CAB-8EC9-C7781555B2B3}.Release|x86.ActiveCfg = Release|Any CPU
		{175651F5-548C-4CAB-8EC9-C7781555B2B3}.Release|x86.Build.0 = Release|Any CPU
		{20A374FB-4666-483B-A95B-1AB0FEFF5423}.Debug|Any CPU.ActiveCfg = Debug|Any CPU
		{20A374FB-4666-483B-A95B-1AB0FEFF5423}.Debug|Any CPU.Build.0 = Debug|Any CPU
		{20A374FB-4666-483B-A95B-1AB0FEFF5423}.Debug|x64.ActiveCfg = Debug|Any CPU
		{20A374FB-4666-483B-A95B-1AB0FEFF5423}.Debug|x64.Build.0 = Debug|Any CPU
		{20A374FB-4666-483B-A95B-1AB0FEFF5423}.Debug|x86.ActiveCfg = Debug|Any CPU
		{20A374FB-4666-483B-A95B-1AB0FEFF5423}.Debug|x86.Build.0 = Debug|Any CPU
		{20A374FB-4666-483B-A95B-1AB0FEFF5423}.Release|Any CPU.ActiveCfg = Release|Any CPU
		{20A374FB-4666-483B-A95B-1AB0FEFF5423}.Release|Any CPU.Build.0 = Release|Any CPU
		{20A374FB-4666-483B-A95B-1AB0FEFF5423}.Release|x64.ActiveCfg = Release|Any CPU
		{20A374FB-4666-483B-A95B-1AB0FEFF5423}.Release|x64.Build.0 = Release|Any CPU
		{20A374FB-4666-483B-A95B-1AB0FEFF5423}.Release|x86.ActiveCfg = Release|Any CPU
		{20A374FB-4666-483B-A95B-1AB0FEFF5423}.Release|x86.Build.0 = Release|Any CPU
		{B9DC4B7C-583E-4244-8B25-34C19B5D08E1}.Debug|Any CPU.ActiveCfg = Debug|Any CPU
		{B9DC4B7C-583E-4244-8B25-34C19B5D08E1}.Debug|Any CPU.Build.0 = Debug|Any CPU
		{B9DC4B7C-583E-4244-8B25-34C19B5D08E1}.Debug|x64.ActiveCfg = Debug|Any CPU
		{B9DC4B7C-583E-4244-8B25-34C19B5D08E1}.Debug|x64.Build.0 = Debug|Any CPU
		{B9DC4B7C-583E-4244-8B25-34C19B5D08E1}.Debug|x86.ActiveCfg = Debug|Any CPU
		{B9DC4B7C-583E-4244-8B25-34C19B5D08E1}.Debug|x86.Build.0 = Debug|Any CPU
		{B9DC4B7C-583E-4244-8B25-34C19B5D08E1}.Release|Any CPU.ActiveCfg = Release|Any CPU
		{B9DC4B7C-583E-4244-8B25-34C19B5D08E1}.Release|Any CPU.Build.0 = Release|Any CPU
		{B9DC4B7C-583E-4244-8B25-34C19B5D08E1}.Release|x64.ActiveCfg = Release|Any CPU
		{B9DC4B7C-583E-4244-8B25-34C19B5D08E1}.Release|x64.Build.0 = Release|Any CPU
		{B9DC4B7C-583E-4244-8B25-34C19B5D08E1}.Release|x86.ActiveCfg = Release|Any CPU
		{B9DC4B7C-583E-4244-8B25-34C19B5D08E1}.Release|x86.Build.0 = Release|Any CPU
		{1E9DC5A6-F97F-4129-838F-2E9D85D23139}.Debug|Any CPU.ActiveCfg = Debug|Any CPU
		{1E9DC5A6-F97F-4129-838F-2E9D85D23139}.Debug|Any CPU.Build.0 = Debug|Any CPU
		{1E9DC5A6-F97F-4129-838F-2E9D85D23139}.Debug|x64.ActiveCfg = Debug|Any CPU
		{1E9DC5A6-F97F-4129-838F-2E9D85D23139}.Debug|x64.Build.0 = Debug|Any CPU
		{1E9DC5A6-F97F-4129-838F-2E9D85D23139}.Debug|x86.ActiveCfg = Debug|Any CPU
		{1E9DC5A6-F97F-4129-838F-2E9D85D23139}.Debug|x86.Build.0 = Debug|Any CPU
		{1E9DC5A6-F97F-4129-838F-2E9D85D23139}.Release|Any CPU.ActiveCfg = Release|Any CPU
		{1E9DC5A6-F97F-4129-838F-2E9D85D23139}.Release|Any CPU.Build.0 = Release|Any CPU
		{1E9DC5A6-F97F-4129-838F-2E9D85D23139}.Release|x64.ActiveCfg = Release|Any CPU
		{1E9DC5A6-F97F-4129-838F-2E9D85D23139}.Release|x64.Build.0 = Release|Any CPU
		{1E9DC5A6-F97F-4129-838F-2E9D85D23139}.Release|x86.ActiveCfg = Release|Any CPU
		{1E9DC5A6-F97F-4129-838F-2E9D85D23139}.Release|x86.Build.0 = Release|Any CPU
		{52BFBBB1-66E1-480E-A777-DBD17F0FD4A7}.Debug|Any CPU.ActiveCfg = Debug|Any CPU
		{52BFBBB1-66E1-480E-A777-DBD17F0FD4A7}.Debug|Any CPU.Build.0 = Debug|Any CPU
		{52BFBBB1-66E1-480E-A777-DBD17F0FD4A7}.Debug|x64.ActiveCfg = Debug|Any CPU
		{52BFBBB1-66E1-480E-A777-DBD17F0FD4A7}.Debug|x64.Build.0 = Debug|Any CPU
		{52BFBBB1-66E1-480E-A777-DBD17F0FD4A7}.Debug|x86.ActiveCfg = Debug|Any CPU
		{52BFBBB1-66E1-480E-A777-DBD17F0FD4A7}.Debug|x86.Build.0 = Debug|Any CPU
		{52BFBBB1-66E1-480E-A777-DBD17F0FD4A7}.Release|Any CPU.ActiveCfg = Release|Any CPU
		{52BFBBB1-66E1-480E-A777-DBD17F0FD4A7}.Release|Any CPU.Build.0 = Release|Any CPU
		{52BFBBB1-66E1-480E-A777-DBD17F0FD4A7}.Release|x64.ActiveCfg = Release|Any CPU
		{52BFBBB1-66E1-480E-A777-DBD17F0FD4A7}.Release|x64.Build.0 = Release|Any CPU
		{52BFBBB1-66E1-480E-A777-DBD17F0FD4A7}.Release|x86.ActiveCfg = Release|Any CPU
		{52BFBBB1-66E1-480E-A777-DBD17F0FD4A7}.Release|x86.Build.0 = Release|Any CPU
	EndGlobalSection
	GlobalSection(SolutionProperties) = preSolution
		HideSolutionNode = FALSE
	EndGlobalSection
	GlobalSection(ExtensibilityGlobals) = postSolution
		SolutionGuid = {83B78C58-ED46-43AD-AF73-7697E7ED1C61}
	EndGlobalSection
EndGlobal
