Microsoft Visual Studio Solution File, Format Version 12.00
# Visual Studio 2012
Project("{FAE04EC0-301F-11D3-BF4B-00C04F79EFBC}") = "Stonebot", "Stonebot.csproj", "{CC2632A0-FED5-4F70-918B-26DE4F24DB75}"
EndProject
Global
	GlobalSection(SolutionConfigurationPlatforms) = preSolution
	Debug|Any CPU = Debug|Any CPU
	ExportDebug|Any CPU = ExportDebug|Any CPU
	ExportRelease|Any CPU = ExportRelease|Any CPU
	EndGlobalSection
	GlobalSection(ProjectConfigurationPlatforms) = postSolution
		{CC2632A0-FED5-4F70-918B-26DE4F24DB75}.Debug|Any CPU.ActiveCfg = Debug|Any CPU
		{CC2632A0-FED5-4F70-918B-26DE4F24DB75}.Debug|Any CPU.Build.0 = Debug|Any CPU
		{CC2632A0-FED5-4F70-918B-26DE4F24DB75}.ExportDebug|Any CPU.ActiveCfg = ExportDebug|Any CPU
		{CC2632A0-FED5-4F70-918B-26DE4F24DB75}.ExportDebug|Any CPU.Build.0 = ExportDebug|Any CPU
		{CC2632A0-FED5-4F70-918B-26DE4F24DB75}.ExportRelease|Any CPU.ActiveCfg = ExportRelease|Any CPU
		{CC2632A0-FED5-4F70-918B-26DE4F24DB75}.ExportRelease|Any CPU.Build.0 = ExportRelease|Any CPU
	EndGlobalSection
EndGlobal
